// !$*UTF8*$!
{
	archiveVersion = 1;
	classes = {
	};
	objectVersion = 50;
	objects = {

/* Begin PBXBuildFile section */
		3408BB894E57E4CEB399B518 /* Pods_FT_Today.framework in Frameworks */ = {isa = PBXBuildFile; fileRef = 97405B12CDC544159ECD8546 /* Pods_FT_Today.framework */; };
		819761D07A680FA6A0FBFC74 /* Pods_FTimeTable.framework in Frameworks */ = {isa = PBXBuildFile; fileRef = 4D49A04400CA8A7246CE9893 /* Pods_FTimeTable.framework */; };
		CB87C66E2949ABD6543D712B /* Pods_FTimeTableTests.framework in Frameworks */ = {isa = PBXBuildFile; fileRef = 6EE48CEE092651F9F3086DD6 /* Pods_FTimeTableTests.framework */; };
		DD9EB7A723EC727955300D52 /* Pods_FTimeTableUITests.framework in Frameworks */ = {isa = PBXBuildFile; fileRef = 15297DA2789E2EEE3A07D7B4 /* Pods_FTimeTableUITests.framework */; };
		E517CEBA2338A02F00A2FD45 /* AppDelegate.swift in Sources */ = {isa = PBXBuildFile; fileRef = E517CEB92338A02F00A2FD45 /* AppDelegate.swift */; };
		E517CEBC2338A02F00A2FD45 /* ViewController.swift in Sources */ = {isa = PBXBuildFile; fileRef = E517CEBB2338A02F00A2FD45 /* ViewController.swift */; };
		E517CEBF2338A02F00A2FD45 /* Main.storyboard in Resources */ = {isa = PBXBuildFile; fileRef = E517CEBD2338A02F00A2FD45 /* Main.storyboard */; };
		E517CEC22338A02F00A2FD45 /* FTimeTable.xcdatamodeld in Sources */ = {isa = PBXBuildFile; fileRef = E517CEC02338A02F00A2FD45 /* FTimeTable.xcdatamodeld */; };
		E517CEC42338A03000A2FD45 /* Assets.xcassets in Resources */ = {isa = PBXBuildFile; fileRef = E517CEC32338A03000A2FD45 /* Assets.xcassets */; };
		E517CEC72338A03000A2FD45 /* LaunchScreen.storyboard in Resources */ = {isa = PBXBuildFile; fileRef = E517CEC52338A03000A2FD45 /* LaunchScreen.storyboard */; };
		E517CED22338A03000A2FD45 /* FTimeTableTests.swift in Sources */ = {isa = PBXBuildFile; fileRef = E517CED12338A03000A2FD45 /* FTimeTableTests.swift */; };
		E517CEDD2338A03000A2FD45 /* FTimeTableUITests.swift in Sources */ = {isa = PBXBuildFile; fileRef = E517CEDC2338A03000A2FD45 /* FTimeTableUITests.swift */; };
		E52A0347233D08DF00583473 /* NotificationCenter.framework in Frameworks */ = {isa = PBXBuildFile; fileRef = E52A0346233D08DF00583473 /* NotificationCenter.framework */; };
		E52A034A233D08DF00583473 /* TodayViewController.swift in Sources */ = {isa = PBXBuildFile; fileRef = E52A0349233D08DF00583473 /* TodayViewController.swift */; };
		E52A034D233D08DF00583473 /* MainInterface.storyboard in Resources */ = {isa = PBXBuildFile; fileRef = E52A034B233D08DF00583473 /* MainInterface.storyboard */; };
		E52A0351233D08DF00583473 /* FT_Today.appex in Embed App Extensions */ = {isa = PBXBuildFile; fileRef = E52A0344233D08DF00583473 /* FT_Today.appex */; settings = {ATTRIBUTES = (RemoveHeadersOnCopy, ); }; };
		E5B1A914233D4E5A0070293D /* TableViewCell.swift in Sources */ = {isa = PBXBuildFile; fileRef = E5B1A913233D4E5A0070293D /* TableViewCell.swift */; };
		E5D1FB312339F1CD00C03823 /* WebviewAction.swift in Sources */ = {isa = PBXBuildFile; fileRef = E5D1FB302339F1CD00C03823 /* WebviewAction.swift */; };
/* End PBXBuildFile section */

/* Begin PBXContainerItemProxy section */
		E517CECE2338A03000A2FD45 /* PBXContainerItemProxy */ = {
			isa = PBXContainerItemProxy;
			containerPortal = E517CEAE2338A02F00A2FD45 /* Project object */;
			proxyType = 1;
			remoteGlobalIDString = E517CEB52338A02F00A2FD45;
			remoteInfo = FTimeTable;
		};
		E517CED92338A03000A2FD45 /* PBXContainerItemProxy */ = {
			isa = PBXContainerItemProxy;
			containerPortal = E517CEAE2338A02F00A2FD45 /* Project object */;
			proxyType = 1;
			remoteGlobalIDString = E517CEB52338A02F00A2FD45;
			remoteInfo = FTimeTable;
		};
		E52A034F233D08DF00583473 /* PBXContainerItemProxy */ = {
			isa = PBXContainerItemProxy;
			containerPortal = E517CEAE2338A02F00A2FD45 /* Project object */;
			proxyType = 1;
			remoteGlobalIDString = E52A0343233D08DF00583473;
			remoteInfo = FT_Today;
		};
/* End PBXContainerItemProxy section */

/* Begin PBXCopyFilesBuildPhase section */
		E52A0355233D08DF00583473 /* Embed App Extensions */ = {
			isa = PBXCopyFilesBuildPhase;
			buildActionMask = 2147483647;
			dstPath = "";
			dstSubfolderSpec = 13;
			files = (
				E52A0351233D08DF00583473 /* FT_Today.appex in Embed App Extensions */,
			);
			name = "Embed App Extensions";
			runOnlyForDeploymentPostprocessing = 0;
		};
/* End PBXCopyFilesBuildPhase section */

/* Begin PBXFileReference section */
		00B8A1AB01ED4578975B3344 /* Pods-FT_Today.debug.xcconfig */ = {isa = PBXFileReference; includeInIndex = 1; lastKnownFileType = text.xcconfig; name = "Pods-FT_Today.debug.xcconfig"; path = "Target Support Files/Pods-FT_Today/Pods-FT_Today.debug.xcconfig"; sourceTree = "<group>"; };
		15297DA2789E2EEE3A07D7B4 /* Pods_FTimeTableUITests.framework */ = {isa = PBXFileReference; explicitFileType = wrapper.framework; includeInIndex = 0; path = Pods_FTimeTableUITests.framework; sourceTree = BUILT_PRODUCTS_DIR; };
		2699C15923C336D432B59DE3 /* Pods-FTimeTable.debug.xcconfig */ = {isa = PBXFileReference; includeInIndex = 1; lastKnownFileType = text.xcconfig; name = "Pods-FTimeTable.debug.xcconfig"; path = "Target Support Files/Pods-FTimeTable/Pods-FTimeTable.debug.xcconfig"; sourceTree = "<group>"; };
		439991C330E8C41B809EA6A2 /* Pods-FTimeTableTests.release.xcconfig */ = {isa = PBXFileReference; includeInIndex = 1; lastKnownFileType = text.xcconfig; name = "Pods-FTimeTableTests.release.xcconfig"; path = "Target Support Files/Pods-FTimeTableTests/Pods-FTimeTableTests.release.xcconfig"; sourceTree = "<group>"; };
		4D49A04400CA8A7246CE9893 /* Pods_FTimeTable.framework */ = {isa = PBXFileReference; explicitFileType = wrapper.framework; includeInIndex = 0; path = Pods_FTimeTable.framework; sourceTree = BUILT_PRODUCTS_DIR; };
		4F3C3530D6079A49EB2B558F /* Pods-FTimeTable.release.xcconfig */ = {isa = PBXFileReference; includeInIndex = 1; lastKnownFileType = text.xcconfig; name = "Pods-FTimeTable.release.xcconfig"; path = "Target Support Files/Pods-FTimeTable/Pods-FTimeTable.release.xcconfig"; sourceTree = "<group>"; };
		6EE48CEE092651F9F3086DD6 /* Pods_FTimeTableTests.framework */ = {isa = PBXFileReference; explicitFileType = wrapper.framework; includeInIndex = 0; path = Pods_FTimeTableTests.framework; sourceTree = BUILT_PRODUCTS_DIR; };
		93C4E67D4990AB1C6FEECE68 /* Pods-FTimeTableUITests.release.xcconfig */ = {isa = PBXFileReference; includeInIndex = 1; lastKnownFileType = text.xcconfig; name = "Pods-FTimeTableUITests.release.xcconfig"; path = "Target Support Files/Pods-FTimeTableUITests/Pods-FTimeTableUITests.release.xcconfig"; sourceTree = "<group>"; };
		97405B12CDC544159ECD8546 /* Pods_FT_Today.framework */ = {isa = PBXFileReference; explicitFileType = wrapper.framework; includeInIndex = 0; path = Pods_FT_Today.framework; sourceTree = BUILT_PRODUCTS_DIR; };
		9C7DF7AA6EC5EB764397D660 /* Pods-FTimeTableUITests.debug.xcconfig */ = {isa = PBXFileReference; includeInIndex = 1; lastKnownFileType = text.xcconfig; name = "Pods-FTimeTableUITests.debug.xcconfig"; path = "Target Support Files/Pods-FTimeTableUITests/Pods-FTimeTableUITests.debug.xcconfig"; sourceTree = "<group>"; };
		BE03A8A28B68B885FF387C0A /* Pods-FTimeTableTests.debug.xcconfig */ = {isa = PBXFileReference; includeInIndex = 1; lastKnownFileType = text.xcconfig; name = "Pods-FTimeTableTests.debug.xcconfig"; path = "Target Support Files/Pods-FTimeTableTests/Pods-FTimeTableTests.debug.xcconfig"; sourceTree = "<group>"; };
		E517CEB62338A02F00A2FD45 /* FTimeTable.app */ = {isa = PBXFileReference; explicitFileType = wrapper.application; includeInIndex = 0; path = FTimeTable.app; sourceTree = BUILT_PRODUCTS_DIR; };
		E517CEB92338A02F00A2FD45 /* AppDelegate.swift */ = {isa = PBXFileReference; lastKnownFileType = sourcecode.swift; path = AppDelegate.swift; sourceTree = "<group>"; };
		E517CEBB2338A02F00A2FD45 /* ViewController.swift */ = {isa = PBXFileReference; lastKnownFileType = sourcecode.swift; path = ViewController.swift; sourceTree = "<group>"; };
		E517CEBE2338A02F00A2FD45 /* Base */ = {isa = PBXFileReference; lastKnownFileType = file.storyboard; name = Base; path = Base.lproj/Main.storyboard; sourceTree = "<group>"; };
		E517CEC12338A02F00A2FD45 /* FTimeTable.xcdatamodel */ = {isa = PBXFileReference; lastKnownFileType = wrapper.xcdatamodel; path = FTimeTable.xcdatamodel; sourceTree = "<group>"; };
		E517CEC32338A03000A2FD45 /* Assets.xcassets */ = {isa = PBXFileReference; lastKnownFileType = folder.assetcatalog; path = Assets.xcassets; sourceTree = "<group>"; };
		E517CEC62338A03000A2FD45 /* Base */ = {isa = PBXFileReference; lastKnownFileType = file.storyboard; name = Base; path = Base.lproj/LaunchScreen.storyboard; sourceTree = "<group>"; };
		E517CEC82338A03000A2FD45 /* Info.plist */ = {isa = PBXFileReference; lastKnownFileType = text.plist.xml; path = Info.plist; sourceTree = "<group>"; };
		E517CECD2338A03000A2FD45 /* FTimeTableTests.xctest */ = {isa = PBXFileReference; explicitFileType = wrapper.cfbundle; includeInIndex = 0; path = FTimeTableTests.xctest; sourceTree = BUILT_PRODUCTS_DIR; };
		E517CED12338A03000A2FD45 /* FTimeTableTests.swift */ = {isa = PBXFileReference; lastKnownFileType = sourcecode.swift; path = FTimeTableTests.swift; sourceTree = "<group>"; };
		E517CED32338A03000A2FD45 /* Info.plist */ = {isa = PBXFileReference; lastKnownFileType = text.plist.xml; path = Info.plist; sourceTree = "<group>"; };
		E517CED82338A03000A2FD45 /* FTimeTableUITests.xctest */ = {isa = PBXFileReference; explicitFileType = wrapper.cfbundle; includeInIndex = 0; path = FTimeTableUITests.xctest; sourceTree = BUILT_PRODUCTS_DIR; };
		E517CEDC2338A03000A2FD45 /* FTimeTableUITests.swift */ = {isa = PBXFileReference; lastKnownFileType = sourcecode.swift; path = FTimeTableUITests.swift; sourceTree = "<group>"; };
		E517CEDE2338A03000A2FD45 /* Info.plist */ = {isa = PBXFileReference; lastKnownFileType = text.plist.xml; path = Info.plist; sourceTree = "<group>"; };
		E52A0344233D08DF00583473 /* FT_Today.appex */ = {isa = PBXFileReference; explicitFileType = "wrapper.app-extension"; includeInIndex = 0; path = FT_Today.appex; sourceTree = BUILT_PRODUCTS_DIR; };
		E52A0346233D08DF00583473 /* NotificationCenter.framework */ = {isa = PBXFileReference; lastKnownFileType = wrapper.framework; name = NotificationCenter.framework; path = System/Library/Frameworks/NotificationCenter.framework; sourceTree = SDKROOT; };
		E52A0349233D08DF00583473 /* TodayViewController.swift */ = {isa = PBXFileReference; lastKnownFileType = sourcecode.swift; path = TodayViewController.swift; sourceTree = "<group>"; };
		E52A034C233D08DF00583473 /* Base */ = {isa = PBXFileReference; lastKnownFileType = file.storyboard; name = Base; path = Base.lproj/MainInterface.storyboard; sourceTree = "<group>"; };
		E52A034E233D08DF00583473 /* Info.plist */ = {isa = PBXFileReference; lastKnownFileType = text.plist.xml; path = Info.plist; sourceTree = "<group>"; };
		E5B1A913233D4E5A0070293D /* TableViewCell.swift */ = {isa = PBXFileReference; lastKnownFileType = sourcecode.swift; path = TableViewCell.swift; sourceTree = "<group>"; };
		E5D1FB302339F1CD00C03823 /* WebviewAction.swift */ = {isa = PBXFileReference; lastKnownFileType = sourcecode.swift; path = WebviewAction.swift; sourceTree = "<group>"; };
		F7A8454E2F6C82B1CB749A1B /* Pods-FT_Today.release.xcconfig */ = {isa = PBXFileReference; includeInIndex = 1; lastKnownFileType = text.xcconfig; name = "Pods-FT_Today.release.xcconfig"; path = "Target Support Files/Pods-FT_Today/Pods-FT_Today.release.xcconfig"; sourceTree = "<group>"; };
/* End PBXFileReference section */

/* Begin PBXFrameworksBuildPhase section */
		E517CEB32338A02F00A2FD45 /* Frameworks */ = {
			isa = PBXFrameworksBuildPhase;
			buildActionMask = 2147483647;
			files = (
				819761D07A680FA6A0FBFC74 /* Pods_FTimeTable.framework in Frameworks */,
			);
			runOnlyForDeploymentPostprocessing = 0;
		};
		E517CECA2338A03000A2FD45 /* Frameworks */ = {
			isa = PBXFrameworksBuildPhase;
			buildActionMask = 2147483647;
			files = (
				CB87C66E2949ABD6543D712B /* Pods_FTimeTableTests.framework in Frameworks */,
			);
			runOnlyForDeploymentPostprocessing = 0;
		};
		E517CED52338A03000A2FD45 /* Frameworks */ = {
			isa = PBXFrameworksBuildPhase;
			buildActionMask = 2147483647;
			files = (
				DD9EB7A723EC727955300D52 /* Pods_FTimeTableUITests.framework in Frameworks */,
			);
			runOnlyForDeploymentPostprocessing = 0;
		};
		E52A0341233D08DF00583473 /* Frameworks */ = {
			isa = PBXFrameworksBuildPhase;
			buildActionMask = 2147483647;
			files = (
				E52A0347233D08DF00583473 /* NotificationCenter.framework in Frameworks */,
				3408BB894E57E4CEB399B518 /* Pods_FT_Today.framework in Frameworks */,
			);
			runOnlyForDeploymentPostprocessing = 0;
		};
/* End PBXFrameworksBuildPhase section */

/* Begin PBXGroup section */
		626C7ACB828FA09020B705FB /* Pods */ = {
			isa = PBXGroup;
			children = (
				00B8A1AB01ED4578975B3344 /* Pods-FT_Today.debug.xcconfig */,
				F7A8454E2F6C82B1CB749A1B /* Pods-FT_Today.release.xcconfig */,
				2699C15923C336D432B59DE3 /* Pods-FTimeTable.debug.xcconfig */,
				4F3C3530D6079A49EB2B558F /* Pods-FTimeTable.release.xcconfig */,
				BE03A8A28B68B885FF387C0A /* Pods-FTimeTableTests.debug.xcconfig */,
				439991C330E8C41B809EA6A2 /* Pods-FTimeTableTests.release.xcconfig */,
				9C7DF7AA6EC5EB764397D660 /* Pods-FTimeTableUITests.debug.xcconfig */,
				93C4E67D4990AB1C6FEECE68 /* Pods-FTimeTableUITests.release.xcconfig */,
			);
			name = Pods;
			path = Pods;
			sourceTree = "<group>";
		};
		E517CEAD2338A02F00A2FD45 = {
			isa = PBXGroup;
			children = (
				E517CEB82338A02F00A2FD45 /* FTimeTable */,
				E517CED02338A03000A2FD45 /* FTimeTableTests */,
				E517CEDB2338A03000A2FD45 /* FTimeTableUITests */,
				E52A0348233D08DF00583473 /* FT_Today */,
				E52A0345233D08DF00583473 /* Frameworks */,
				E517CEB72338A02F00A2FD45 /* Products */,
				626C7ACB828FA09020B705FB /* Pods */,
			);
			sourceTree = "<group>";
		};
		E517CEB72338A02F00A2FD45 /* Products */ = {
			isa = PBXGroup;
			children = (
				E517CEB62338A02F00A2FD45 /* FTimeTable.app */,
				E517CECD2338A03000A2FD45 /* FTimeTableTests.xctest */,
				E517CED82338A03000A2FD45 /* FTimeTableUITests.xctest */,
				E52A0344233D08DF00583473 /* FT_Today.appex */,
			);
			name = Products;
			sourceTree = "<group>";
		};
		E517CEB82338A02F00A2FD45 /* FTimeTable */ = {
			isa = PBXGroup;
			children = (
				E517CEB92338A02F00A2FD45 /* AppDelegate.swift */,
				E517CEBB2338A02F00A2FD45 /* ViewController.swift */,
				E5D1FB302339F1CD00C03823 /* WebviewAction.swift */,
				E517CEBD2338A02F00A2FD45 /* Main.storyboard */,
				E5B1A913233D4E5A0070293D /* TableViewCell.swift */,
				E517CEC32338A03000A2FD45 /* Assets.xcassets */,
				E517CEC52338A03000A2FD45 /* LaunchScreen.storyboard */,
				E517CEC82338A03000A2FD45 /* Info.plist */,
				E517CEC02338A02F00A2FD45 /* FTimeTable.xcdatamodeld */,
			);
			path = FTimeTable;
			sourceTree = "<group>";
		};
		E517CED02338A03000A2FD45 /* FTimeTableTests */ = {
			isa = PBXGroup;
			children = (
				E517CED12338A03000A2FD45 /* FTimeTableTests.swift */,
				E517CED32338A03000A2FD45 /* Info.plist */,
			);
			path = FTimeTableTests;
			sourceTree = "<group>";
		};
		E517CEDB2338A03000A2FD45 /* FTimeTableUITests */ = {
			isa = PBXGroup;
			children = (
				E517CEDC2338A03000A2FD45 /* FTimeTableUITests.swift */,
				E517CEDE2338A03000A2FD45 /* Info.plist */,
			);
			path = FTimeTableUITests;
			sourceTree = "<group>";
		};
		E52A0345233D08DF00583473 /* Frameworks */ = {
			isa = PBXGroup;
			children = (
				E52A0346233D08DF00583473 /* NotificationCenter.framework */,
				97405B12CDC544159ECD8546 /* Pods_FT_Today.framework */,
				4D49A04400CA8A7246CE9893 /* Pods_FTimeTable.framework */,
				6EE48CEE092651F9F3086DD6 /* Pods_FTimeTableTests.framework */,
				15297DA2789E2EEE3A07D7B4 /* Pods_FTimeTableUITests.framework */,
			);
			name = Frameworks;
			sourceTree = "<group>";
		};
		E52A0348233D08DF00583473 /* FT_Today */ = {
			isa = PBXGroup;
			children = (
				E52A0349233D08DF00583473 /* TodayViewController.swift */,
				E52A034B233D08DF00583473 /* MainInterface.storyboard */,
				E52A034E233D08DF00583473 /* Info.plist */,
			);
			path = FT_Today;
			sourceTree = "<group>";
		};
/* End PBXGroup section */

/* Begin PBXNativeTarget section */
		E517CEB52338A02F00A2FD45 /* FTimeTable */ = {
			isa = PBXNativeTarget;
			buildConfigurationList = E517CEE12338A03000A2FD45 /* Build configuration list for PBXNativeTarget "FTimeTable" */;
			buildPhases = (
				A146F50233A3B2CF85629396 /* [CP] Check Pods Manifest.lock */,
				E517CEB22338A02F00A2FD45 /* Sources */,
				E517CEB32338A02F00A2FD45 /* Frameworks */,
				E517CEB42338A02F00A2FD45 /* Resources */,
				E52A0355233D08DF00583473 /* Embed App Extensions */,
				331C03A205187B37033DA6E9 /* [CP] Embed Pods Frameworks */,
			);
			buildRules = (
			);
			dependencies = (
				E52A0350233D08DF00583473 /* PBXTargetDependency */,
			);
			name = FTimeTable;
			productName = FTimeTable;
			productReference = E517CEB62338A02F00A2FD45 /* FTimeTable.app */;
			productType = "com.apple.product-type.application";
		};
		E517CECC2338A03000A2FD45 /* FTimeTableTests */ = {
			isa = PBXNativeTarget;
			buildConfigurationList = E517CEE42338A03000A2FD45 /* Build configuration list for PBXNativeTarget "FTimeTableTests" */;
			buildPhases = (
				14FE589513B9489316E8B99F /* [CP] Check Pods Manifest.lock */,
				E517CEC92338A03000A2FD45 /* Sources */,
				E517CECA2338A03000A2FD45 /* Frameworks */,
				E517CECB2338A03000A2FD45 /* Resources */,
			);
			buildRules = (
			);
			dependencies = (
				E517CECF2338A03000A2FD45 /* PBXTargetDependency */,
			);
			name = FTimeTableTests;
			productName = FTimeTableTests;
			productReference = E517CECD2338A03000A2FD45 /* FTimeTableTests.xctest */;
			productType = "com.apple.product-type.bundle.unit-test";
		};
		E517CED72338A03000A2FD45 /* FTimeTableUITests */ = {
			isa = PBXNativeTarget;
			buildConfigurationList = E517CEE72338A03000A2FD45 /* Build configuration list for PBXNativeTarget "FTimeTableUITests" */;
			buildPhases = (
				7C6F85FFC8633FADA6287C44 /* [CP] Check Pods Manifest.lock */,
				E517CED42338A03000A2FD45 /* Sources */,
				E517CED52338A03000A2FD45 /* Frameworks */,
				E517CED62338A03000A2FD45 /* Resources */,
			);
			buildRules = (
			);
			dependencies = (
				E517CEDA2338A03000A2FD45 /* PBXTargetDependency */,
			);
			name = FTimeTableUITests;
			productName = FTimeTableUITests;
			productReference = E517CED82338A03000A2FD45 /* FTimeTableUITests.xctest */;
			productType = "com.apple.product-type.bundle.ui-testing";
		};
		E52A0343233D08DF00583473 /* FT_Today */ = {
			isa = PBXNativeTarget;
			buildConfigurationList = E52A0352233D08DF00583473 /* Build configuration list for PBXNativeTarget "FT_Today" */;
			buildPhases = (
				7C830DE3E8614C11A1D45DB3 /* [CP] Check Pods Manifest.lock */,
				E52A0340233D08DF00583473 /* Sources */,
				E52A0341233D08DF00583473 /* Frameworks */,
				E52A0342233D08DF00583473 /* Resources */,
			);
			buildRules = (
			);
			dependencies = (
			);
			name = FT_Today;
			productName = FT_Today;
			productReference = E52A0344233D08DF00583473 /* FT_Today.appex */;
			productType = "com.apple.product-type.app-extension";
		};
/* End PBXNativeTarget section */

/* Begin PBXProject section */
		E517CEAE2338A02F00A2FD45 /* Project object */ = {
			isa = PBXProject;
			attributes = {
				LastSwiftUpdateCheck = 1100;
				LastUpgradeCheck = 1030;
				ORGANIZATIONNAME = "Khang Ngoc";
				TargetAttributes = {
					E517CEB52338A02F00A2FD45 = {
						CreatedOnToolsVersion = 10.3;
					};
					E517CECC2338A03000A2FD45 = {
						CreatedOnToolsVersion = 10.3;
						TestTargetID = E517CEB52338A02F00A2FD45;
					};
					E517CED72338A03000A2FD45 = {
						CreatedOnToolsVersion = 10.3;
						TestTargetID = E517CEB52338A02F00A2FD45;
					};
					E52A0343233D08DF00583473 = {
						CreatedOnToolsVersion = 11.0;
					};
				};
			};
			buildConfigurationList = E517CEB12338A02F00A2FD45 /* Build configuration list for PBXProject "FTimeTable" */;
			compatibilityVersion = "Xcode 9.3";
			developmentRegion = en;
			hasScannedForEncodings = 0;
			knownRegions = (
				en,
				Base,
			);
			mainGroup = E517CEAD2338A02F00A2FD45;
			productRefGroup = E517CEB72338A02F00A2FD45 /* Products */;
			projectDirPath = "";
			projectRoot = "";
			targets = (
				E517CEB52338A02F00A2FD45 /* FTimeTable */,
				E517CECC2338A03000A2FD45 /* FTimeTableTests */,
				E517CED72338A03000A2FD45 /* FTimeTableUITests */,
				E52A0343233D08DF00583473 /* FT_Today */,
			);
		};
/* End PBXProject section */

/* Begin PBXResourcesBuildPhase section */
		E517CEB42338A02F00A2FD45 /* Resources */ = {
			isa = PBXResourcesBuildPhase;
			buildActionMask = 2147483647;
			files = (
				E517CEC72338A03000A2FD45 /* LaunchScreen.storyboard in Resources */,
				E517CEC42338A03000A2FD45 /* Assets.xcassets in Resources */,
				E517CEBF2338A02F00A2FD45 /* Main.storyboard in Resources */,
			);
			runOnlyForDeploymentPostprocessing = 0;
		};
		E517CECB2338A03000A2FD45 /* Resources */ = {
			isa = PBXResourcesBuildPhase;
			buildActionMask = 2147483647;
			files = (
			);
			runOnlyForDeploymentPostprocessing = 0;
		};
		E517CED62338A03000A2FD45 /* Resources */ = {
			isa = PBXResourcesBuildPhase;
			buildActionMask = 2147483647;
			files = (
			);
			runOnlyForDeploymentPostprocessing = 0;
		};
		E52A0342233D08DF00583473 /* Resources */ = {
			isa = PBXResourcesBuildPhase;
			buildActionMask = 2147483647;
			files = (
				E52A034D233D08DF00583473 /* MainInterface.storyboard in Resources */,
			);
			runOnlyForDeploymentPostprocessing = 0;
		};
/* End PBXResourcesBuildPhase section */

/* Begin PBXShellScriptBuildPhase section */
		14FE589513B9489316E8B99F /* [CP] Check Pods Manifest.lock */ = {
			isa = PBXShellScriptBuildPhase;
			buildActionMask = 2147483647;
			files = (
			);
			inputFileListPaths = (
			);
			inputPaths = (
				"${PODS_PODFILE_DIR_PATH}/Podfile.lock",
				"${PODS_ROOT}/Manifest.lock",
			);
			name = "[CP] Check Pods Manifest.lock";
			outputFileListPaths = (
			);
			outputPaths = (
				"$(DERIVED_FILE_DIR)/Pods-FTimeTableTests-checkManifestLockResult.txt",
			);
			runOnlyForDeploymentPostprocessing = 0;
			shellPath = /bin/sh;
			shellScript = "diff \"${PODS_PODFILE_DIR_PATH}/Podfile.lock\" \"${PODS_ROOT}/Manifest.lock\" > /dev/null\nif [ $? != 0 ] ; then\n    # print error to STDERR\n    echo \"error: The sandbox is not in sync with the Podfile.lock. Run 'pod install' or update your CocoaPods installation.\" >&2\n    exit 1\nfi\n# This output is used by Xcode 'outputs' to avoid re-running this script phase.\necho \"SUCCESS\" > \"${SCRIPT_OUTPUT_FILE_0}\"\n";
			showEnvVarsInLog = 0;
		};
		331C03A205187B37033DA6E9 /* [CP] Embed Pods Frameworks */ = {
			isa = PBXShellScriptBuildPhase;
			buildActionMask = 2147483647;
			files = (
			);
			inputFileListPaths = (
				"${PODS_ROOT}/Target Support Files/Pods-FTimeTable/Pods-FTimeTable-frameworks-${CONFIGURATION}-input-files.xcfilelist",
			);
			name = "[CP] Embed Pods Frameworks";
			outputFileListPaths = (
				"${PODS_ROOT}/Target Support Files/Pods-FTimeTable/Pods-FTimeTable-frameworks-${CONFIGURATION}-output-files.xcfilelist",
			);
			runOnlyForDeploymentPostprocessing = 0;
			shellPath = /bin/sh;
			shellScript = "\"${PODS_ROOT}/Target Support Files/Pods-FTimeTable/Pods-FTimeTable-frameworks.sh\"\n";
			showEnvVarsInLog = 0;
		};
		7C6F85FFC8633FADA6287C44 /* [CP] Check Pods Manifest.lock */ = {
			isa = PBXShellScriptBuildPhase;
			buildActionMask = 2147483647;
			files = (
			);
			inputFileListPaths = (
			);
			inputPaths = (
				"${PODS_PODFILE_DIR_PATH}/Podfile.lock",
				"${PODS_ROOT}/Manifest.lock",
			);
			name = "[CP] Check Pods Manifest.lock";
			outputFileListPaths = (
			);
			outputPaths = (
				"$(DERIVED_FILE_DIR)/Pods-FTimeTableUITests-checkManifestLockResult.txt",
			);
			runOnlyForDeploymentPostprocessing = 0;
			shellPath = /bin/sh;
			shellScript = "diff \"${PODS_PODFILE_DIR_PATH}/Podfile.lock\" \"${PODS_ROOT}/Manifest.lock\" > /dev/null\nif [ $? != 0 ] ; then\n    # print error to STDERR\n    echo \"error: The sandbox is not in sync with the Podfile.lock. Run 'pod install' or update your CocoaPods installation.\" >&2\n    exit 1\nfi\n# This output is used by Xcode 'outputs' to avoid re-running this script phase.\necho \"SUCCESS\" > \"${SCRIPT_OUTPUT_FILE_0}\"\n";
			showEnvVarsInLog = 0;
		};
		7C830DE3E8614C11A1D45DB3 /* [CP] Check Pods Manifest.lock */ = {
			isa = PBXShellScriptBuildPhase;
			buildActionMask = 2147483647;
			files = (
			);
			inputFileListPaths = (
			);
			inputPaths = (
				"${PODS_PODFILE_DIR_PATH}/Podfile.lock",
				"${PODS_ROOT}/Manifest.lock",
			);
			name = "[CP] Check Pods Manifest.lock";
			outputFileListPaths = (
			);
			outputPaths = (
				"$(DERIVED_FILE_DIR)/Pods-FT_Today-checkManifestLockResult.txt",
			);
			runOnlyForDeploymentPostprocessing = 0;
			shellPath = /bin/sh;
			shellScript = "diff \"${PODS_PODFILE_DIR_PATH}/Podfile.lock\" \"${PODS_ROOT}/Manifest.lock\" > /dev/null\nif [ $? != 0 ] ; then\n    # print error to STDERR\n    echo \"error: The sandbox is not in sync with the Podfile.lock. Run 'pod install' or update your CocoaPods installation.\" >&2\n    exit 1\nfi\n# This output is used by Xcode 'outputs' to avoid re-running this script phase.\necho \"SUCCESS\" > \"${SCRIPT_OUTPUT_FILE_0}\"\n";
			showEnvVarsInLog = 0;
		};
		A146F50233A3B2CF85629396 /* [CP] Check Pods Manifest.lock */ = {
			isa = PBXShellScriptBuildPhase;
			buildActionMask = 2147483647;
			files = (
			);
			inputFileListPaths = (
			);
			inputPaths = (
				"${PODS_PODFILE_DIR_PATH}/Podfile.lock",
				"${PODS_ROOT}/Manifest.lock",
			);
			name = "[CP] Check Pods Manifest.lock";
			outputFileListPaths = (
			);
			outputPaths = (
				"$(DERIVED_FILE_DIR)/Pods-FTimeTable-checkManifestLockResult.txt",
			);
			runOnlyForDeploymentPostprocessing = 0;
			shellPath = /bin/sh;
			shellScript = "diff \"${PODS_PODFILE_DIR_PATH}/Podfile.lock\" \"${PODS_ROOT}/Manifest.lock\" > /dev/null\nif [ $? != 0 ] ; then\n    # print error to STDERR\n    echo \"error: The sandbox is not in sync with the Podfile.lock. Run 'pod install' or update your CocoaPods installation.\" >&2\n    exit 1\nfi\n# This output is used by Xcode 'outputs' to avoid re-running this script phase.\necho \"SUCCESS\" > \"${SCRIPT_OUTPUT_FILE_0}\"\n";
			showEnvVarsInLog = 0;
		};
/* End PBXShellScriptBuildPhase section */

/* Begin PBXSourcesBuildPhase section */
		E517CEB22338A02F00A2FD45 /* Sources */ = {
			isa = PBXSourcesBuildPhase;
			buildActionMask = 2147483647;
			files = (
				E5B1A914233D4E5A0070293D /* TableViewCell.swift in Sources */,
				E517CEC22338A02F00A2FD45 /* FTimeTable.xcdatamodeld in Sources */,
				E5D1FB312339F1CD00C03823 /* WebviewAction.swift in Sources */,
				E517CEBC2338A02F00A2FD45 /* ViewController.swift in Sources */,
				E517CEBA2338A02F00A2FD45 /* AppDelegate.swift in Sources */,
			);
			runOnlyForDeploymentPostprocessing = 0;
		};
		E517CEC92338A03000A2FD45 /* Sources */ = {
			isa = PBXSourcesBuildPhase;
			buildActionMask = 2147483647;
			files = (
				E517CED22338A03000A2FD45 /* FTimeTableTests.swift in Sources */,
			);
			runOnlyForDeploymentPostprocessing = 0;
		};
		E517CED42338A03000A2FD45 /* Sources */ = {
			isa = PBXSourcesBuildPhase;
			buildActionMask = 2147483647;
			files = (
				E517CEDD2338A03000A2FD45 /* FTimeTableUITests.swift in Sources */,
			);
			runOnlyForDeploymentPostprocessing = 0;
		};
		E52A0340233D08DF00583473 /* Sources */ = {
			isa = PBXSourcesBuildPhase;
			buildActionMask = 2147483647;
			files = (
				E52A034A233D08DF00583473 /* TodayViewController.swift in Sources */,
			);
			runOnlyForDeploymentPostprocessing = 0;
		};
/* End PBXSourcesBuildPhase section */

/* Begin PBXTargetDependency section */
		E517CECF2338A03000A2FD45 /* PBXTargetDependency */ = {
			isa = PBXTargetDependency;
			target = E517CEB52338A02F00A2FD45 /* FTimeTable */;
			targetProxy = E517CECE2338A03000A2FD45 /* PBXContainerItemProxy */;
		};
		E517CEDA2338A03000A2FD45 /* PBXTargetDependency */ = {
			isa = PBXTargetDependency;
			target = E517CEB52338A02F00A2FD45 /* FTimeTable */;
			targetProxy = E517CED92338A03000A2FD45 /* PBXContainerItemProxy */;
		};
		E52A0350233D08DF00583473 /* PBXTargetDependency */ = {
			isa = PBXTargetDependency;
			target = E52A0343233D08DF00583473 /* FT_Today */;
			targetProxy = E52A034F233D08DF00583473 /* PBXContainerItemProxy */;
		};
/* End PBXTargetDependency section */

/* Begin PBXVariantGroup section */
		E517CEBD2338A02F00A2FD45 /* Main.storyboard */ = {
			isa = PBXVariantGroup;
			children = (
				E517CEBE2338A02F00A2FD45 /* Base */,
			);
			name = Main.storyboard;
			sourceTree = "<group>";
		};
		E517CEC52338A03000A2FD45 /* LaunchScreen.storyboard */ = {
			isa = PBXVariantGroup;
			children = (
				E517CEC62338A03000A2FD45 /* Base */,
			);
			name = LaunchScreen.storyboard;
			sourceTree = "<group>";
		};
		E52A034B233D08DF00583473 /* MainInterface.storyboard */ = {
			isa = PBXVariantGroup;
			children = (
				E52A034C233D08DF00583473 /* Base */,
			);
			name = MainInterface.storyboard;
			sourceTree = "<group>";
		};
/* End PBXVariantGroup section */

/* Begin XCBuildConfiguration section */
		E517CEDF2338A03000A2FD45 /* Debug */ = {
			isa = XCBuildConfiguration;
			buildSettings = {
				ALWAYS_SEARCH_USER_PATHS = NO;
				CLANG_ANALYZER_NONNULL = YES;
				CLANG_ANALYZER_NUMBER_OBJECT_CONVERSION = YES_AGGRESSIVE;
				CLANG_CXX_LANGUAGE_STANDARD = "gnu++14";
				CLANG_CXX_LIBRARY = "libc++";
				CLANG_ENABLE_MODULES = YES;
				CLANG_ENABLE_OBJC_ARC = YES;
				CLANG_ENABLE_OBJC_WEAK = YES;
				CLANG_WARN_BLOCK_CAPTURE_AUTORELEASING = YES;
				CLANG_WARN_BOOL_CONVERSION = YES;
				CLANG_WARN_COMMA = YES;
				CLANG_WARN_CONSTANT_CONVERSION = YES;
				CLANG_WARN_DEPRECATED_OBJC_IMPLEMENTATIONS = YES;
				CLANG_WARN_DIRECT_OBJC_ISA_USAGE = YES_ERROR;
				CLANG_WARN_DOCUMENTATION_COMMENTS = YES;
				CLANG_WARN_EMPTY_BODY = YES;
				CLANG_WARN_ENUM_CONVERSION = YES;
				CLANG_WARN_INFINITE_RECURSION = YES;
				CLANG_WARN_INT_CONVERSION = YES;
				CLANG_WARN_NON_LITERAL_NULL_CONVERSION = YES;
				CLANG_WARN_OBJC_IMPLICIT_RETAIN_SELF = YES;
				CLANG_WARN_OBJC_LITERAL_CONVERSION = YES;
				CLANG_WARN_OBJC_ROOT_CLASS = YES_ERROR;
				CLANG_WARN_RANGE_LOOP_ANALYSIS = YES;
				CLANG_WARN_STRICT_PROTOTYPES = YES;
				CLANG_WARN_SUSPICIOUS_MOVE = YES;
				CLANG_WARN_UNGUARDED_AVAILABILITY = YES_AGGRESSIVE;
				CLANG_WARN_UNREACHABLE_CODE = YES;
				CLANG_WARN__DUPLICATE_METHOD_MATCH = YES;
				CODE_SIGN_IDENTITY = "iPhone Developer";
				COPY_PHASE_STRIP = NO;
				DEBUG_INFORMATION_FORMAT = dwarf;
				ENABLE_STRICT_OBJC_MSGSEND = YES;
				ENABLE_TESTABILITY = YES;
				GCC_C_LANGUAGE_STANDARD = gnu11;
				GCC_DYNAMIC_NO_PIC = NO;
				GCC_NO_COMMON_BLOCKS = YES;
				GCC_OPTIMIZATION_LEVEL = 0;
				GCC_PREPROCESSOR_DEFINITIONS = (
					"DEBUG=1",
					"$(inherited)",
				);
				GCC_WARN_64_TO_32_BIT_CONVERSION = YES;
				GCC_WARN_ABOUT_RETURN_TYPE = YES_ERROR;
				GCC_WARN_UNDECLARED_SELECTOR = YES;
				GCC_WARN_UNINITIALIZED_AUTOS = YES_AGGRESSIVE;
				GCC_WARN_UNUSED_FUNCTION = YES;
				GCC_WARN_UNUSED_VARIABLE = YES;
				IPHONEOS_DEPLOYMENT_TARGET = 12.4;
				MTL_ENABLE_DEBUG_INFO = INCLUDE_SOURCE;
				MTL_FAST_MATH = YES;
				ONLY_ACTIVE_ARCH = YES;
				SDKROOT = iphoneos;
				SWIFT_ACTIVE_COMPILATION_CONDITIONS = DEBUG;
				SWIFT_OPTIMIZATION_LEVEL = "-Onone";
			};
			name = Debug;
		};
		E517CEE02338A03000A2FD45 /* Release */ = {
			isa = XCBuildConfiguration;
			buildSettings = {
				ALWAYS_SEARCH_USER_PATHS = NO;
				CLANG_ANALYZER_NONNULL = YES;
				CLANG_ANALYZER_NUMBER_OBJECT_CONVERSION = YES_AGGRESSIVE;
				CLANG_CXX_LANGUAGE_STANDARD = "gnu++14";
				CLANG_CXX_LIBRARY = "libc++";
				CLANG_ENABLE_MODULES = YES;
				CLANG_ENABLE_OBJC_ARC = YES;
				CLANG_ENABLE_OBJC_WEAK = YES;
				CLANG_WARN_BLOCK_CAPTURE_AUTORELEASING = YES;
				CLANG_WARN_BOOL_CONVERSION = YES;
				CLANG_WARN_COMMA = YES;
				CLANG_WARN_CONSTANT_CONVERSION = YES;
				CLANG_WARN_DEPRECATED_OBJC_IMPLEMENTATIONS = YES;
				CLANG_WARN_DIRECT_OBJC_ISA_USAGE = YES_ERROR;
				CLANG_WARN_DOCUMENTATION_COMMENTS = YES;
				CLANG_WARN_EMPTY_BODY = YES;
				CLANG_WARN_ENUM_CONVERSION = YES;
				CLANG_WARN_INFINITE_RECURSION = YES;
				CLANG_WARN_INT_CONVERSION = YES;
				CLANG_WARN_NON_LITERAL_NULL_CONVERSION = YES;
				CLANG_WARN_OBJC_IMPLICIT_RETAIN_SELF = YES;
				CLANG_WARN_OBJC_LITERAL_CONVERSION = YES;
				CLANG_WARN_OBJC_ROOT_CLASS = YES_ERROR;
				CLANG_WARN_RANGE_LOOP_ANALYSIS = YES;
				CLANG_WARN_STRICT_PROTOTYPES = YES;
				CLANG_WARN_SUSPICIOUS_MOVE = YES;
				CLANG_WARN_UNGUARDED_AVAILABILITY = YES_AGGRESSIVE;
				CLANG_WARN_UNREACHABLE_CODE = YES;
				CLANG_WARN__DUPLICATE_METHOD_MATCH = YES;
				CODE_SIGN_IDENTITY = "iPhone Developer";
				COPY_PHASE_STRIP = NO;
				DEBUG_INFORMATION_FORMAT = "dwarf-with-dsym";
				ENABLE_NS_ASSERTIONS = NO;
				ENABLE_STRICT_OBJC_MSGSEND = YES;
				GCC_C_LANGUAGE_STANDARD = gnu11;
				GCC_NO_COMMON_BLOCKS = YES;
				GCC_WARN_64_TO_32_BIT_CONVERSION = YES;
				GCC_WARN_ABOUT_RETURN_TYPE = YES_ERROR;
				GCC_WARN_UNDECLARED_SELECTOR = YES;
				GCC_WARN_UNINITIALIZED_AUTOS = YES_AGGRESSIVE;
				GCC_WARN_UNUSED_FUNCTION = YES;
				GCC_WARN_UNUSED_VARIABLE = YES;
				IPHONEOS_DEPLOYMENT_TARGET = 12.4;
				MTL_ENABLE_DEBUG_INFO = NO;
				MTL_FAST_MATH = YES;
				SDKROOT = iphoneos;
				SWIFT_COMPILATION_MODE = wholemodule;
				SWIFT_OPTIMIZATION_LEVEL = "-O";
				VALIDATE_PRODUCT = YES;
			};
			name = Release;
		};
		E517CEE22338A03000A2FD45 /* Debug */ = {
			isa = XCBuildConfiguration;
			baseConfigurationReference = 2699C15923C336D432B59DE3 /* Pods-FTimeTable.debug.xcconfig */;
			buildSettings = {
				ALWAYS_EMBED_SWIFT_STANDARD_LIBRARIES = YES;
				ASSETCATALOG_COMPILER_APPICON_NAME = AppIcon;
				CODE_SIGN_STYLE = Automatic;
				DEVELOPMENT_TEAM = 4PDA7C7W7L;
				INFOPLIST_FILE = FTimeTable/Info.plist;
				IPHONEOS_DEPLOYMENT_TARGET = 12.0;
				LD_RUNPATH_SEARCH_PATHS = (
					"$(inherited)",
					"@executable_path/Frameworks",
				);
				PRODUCT_BUNDLE_IDENTIFIER = vnk.FTimeTable;
				PRODUCT_NAME = "$(TARGET_NAME)";
				SWIFT_VERSION = 5.0;
				TARGETED_DEVICE_FAMILY = 1;
			};
			name = Debug;
		};
		E517CEE32338A03000A2FD45 /* Release */ = {
			isa = XCBuildConfiguration;
			baseConfigurationReference = 4F3C3530D6079A49EB2B558F /* Pods-FTimeTable.release.xcconfig */;
			buildSettings = {
				ALWAYS_EMBED_SWIFT_STANDARD_LIBRARIES = YES;
				ASSETCATALOG_COMPILER_APPICON_NAME = AppIcon;
				CODE_SIGN_STYLE = Automatic;
				DEVELOPMENT_TEAM = 4PDA7C7W7L;
				INFOPLIST_FILE = FTimeTable/Info.plist;
				IPHONEOS_DEPLOYMENT_TARGET = 12.0;
				LD_RUNPATH_SEARCH_PATHS = (
					"$(inherited)",
					"@executable_path/Frameworks",
				);
				PRODUCT_BUNDLE_IDENTIFIER = vnk.FTimeTable;
				PRODUCT_NAME = "$(TARGET_NAME)";
				SWIFT_VERSION = 5.0;
				TARGETED_DEVICE_FAMILY = 1;
			};
			name = Release;
		};
		E517CEE52338A03000A2FD45 /* Debug */ = {
			isa = XCBuildConfiguration;
			baseConfigurationReference = BE03A8A28B68B885FF387C0A /* Pods-FTimeTableTests.debug.xcconfig */;
			buildSettings = {
				ALWAYS_EMBED_SWIFT_STANDARD_LIBRARIES = YES;
				BUNDLE_LOADER = "$(TEST_HOST)";
				CODE_SIGN_STYLE = Automatic;
				DEVELOPMENT_TEAM = 4PDA7C7W7L;
				INFOPLIST_FILE = FTimeTableTests/Info.plist;
				LD_RUNPATH_SEARCH_PATHS = (
					"$(inherited)",
					"@executable_path/Frameworks",
					"@loader_path/Frameworks",
				);
				PRODUCT_BUNDLE_IDENTIFIER = vnk.FTimeTableTests;
				PRODUCT_NAME = "$(TARGET_NAME)";
				SWIFT_VERSION = 5.0;
				TARGETED_DEVICE_FAMILY = "1,2";
				TEST_HOST = "$(BUILT_PRODUCTS_DIR)/FTimeTable.app/FTimeTable";
			};
			name = Debug;
		};
		E517CEE62338A03000A2FD45 /* Release */ = {
			isa = XCBuildConfiguration;
			baseConfigurationReference = 439991C330E8C41B809EA6A2 /* Pods-FTimeTableTests.release.xcconfig */;
			buildSettings = {
				ALWAYS_EMBED_SWIFT_STANDARD_LIBRARIES = YES;
				BUNDLE_LOADER = "$(TEST_HOST)";
				CODE_SIGN_STYLE = Automatic;
				DEVELOPMENT_TEAM = 4PDA7C7W7L;
				INFOPLIST_FILE = FTimeTableTests/Info.plist;
				LD_RUNPATH_SEARCH_PATHS = (
					"$(inherited)",
					"@executable_path/Frameworks",
					"@loader_path/Frameworks",
				);
				PRODUCT_BUNDLE_IDENTIFIER = vnk.FTimeTableTests;
				PRODUCT_NAME = "$(TARGET_NAME)";
				SWIFT_VERSION = 5.0;
				TARGETED_DEVICE_FAMILY = "1,2";
				TEST_HOST = "$(BUILT_PRODUCTS_DIR)/FTimeTable.app/FTimeTable";
			};
			name = Release;
		};
		E517CEE82338A03000A2FD45 /* Debug */ = {
			isa = XCBuildConfiguration;
			baseConfigurationReference = 9C7DF7AA6EC5EB764397D660 /* Pods-FTimeTableUITests.debug.xcconfig */;
			buildSettings = {
				ALWAYS_EMBED_SWIFT_STANDARD_LIBRARIES = YES;
				CODE_SIGN_STYLE = Automatic;
				DEVELOPMENT_TEAM = 4PDA7C7W7L;
				INFOPLIST_FILE = FTimeTableUITests/Info.plist;
				LD_RUNPATH_SEARCH_PATHS = (
					"$(inherited)",
					"@executable_path/Frameworks",
					"@loader_path/Frameworks",
				);
				PRODUCT_BUNDLE_IDENTIFIER = vnk.FTimeTableUITests;
				PRODUCT_NAME = "$(TARGET_NAME)";
				SWIFT_VERSION = 5.0;
				TARGETED_DEVICE_FAMILY = "1,2";
				TEST_TARGET_NAME = FTimeTable;
			};
			name = Debug;
		};
		E517CEE92338A03000A2FD45 /* Release */ = {
			isa = XCBuildConfiguration;
			baseConfigurationReference = 93C4E67D4990AB1C6FEECE68 /* Pods-FTimeTableUITests.release.xcconfig */;
			buildSettings = {
				ALWAYS_EMBED_SWIFT_STANDARD_LIBRARIES = YES;
				CODE_SIGN_STYLE = Automatic;
				DEVELOPMENT_TEAM = 4PDA7C7W7L;
				INFOPLIST_FILE = FTimeTableUITests/Info.plist;
				LD_RUNPATH_SEARCH_PATHS = (
					"$(inherited)",
					"@executable_path/Frameworks",
					"@loader_path/Frameworks",
				);
				PRODUCT_BUNDLE_IDENTIFIER = vnk.FTimeTableUITests;
				PRODUCT_NAME = "$(TARGET_NAME)";
				SWIFT_VERSION = 5.0;
				TARGETED_DEVICE_FAMILY = "1,2";
				TEST_TARGET_NAME = FTimeTable;
			};
			name = Release;
		};
		E52A0353233D08DF00583473 /* Debug */ = {
			isa = XCBuildConfiguration;
			baseConfigurationReference = 00B8A1AB01ED4578975B3344 /* Pods-FT_Today.debug.xcconfig */;
			buildSettings = {
				CODE_SIGN_STYLE = Automatic;
				DEVELOPMENT_TEAM = 4PDA7C7W7L;
				INFOPLIST_FILE = FT_Today/Info.plist;
				IPHONEOS_DEPLOYMENT_TARGET = 13.0;
				LD_RUNPATH_SEARCH_PATHS = (
					"$(inherited)",
					"@executable_path/Frameworks",
					"@executable_path/../../Frameworks",
				);
				PRODUCT_BUNDLE_IDENTIFIER = "vnk.FTimeTable.FT-Today";
				PRODUCT_NAME = "$(TARGET_NAME)";
				SKIP_INSTALL = YES;
				SWIFT_VERSION = 5.0;
				TARGETED_DEVICE_FAMILY = "1,2";
			};
			name = Debug;
		};
		E52A0354233D08DF00583473 /* Release */ = {
			isa = XCBuildConfiguration;
			baseConfigurationReference = F7A8454E2F6C82B1CB749A1B /* Pods-FT_Today.release.xcconfig */;
			buildSettings = {
				CODE_SIGN_STYLE = Automatic;
				DEVELOPMENT_TEAM = 4PDA7C7W7L;
				INFOPLIST_FILE = FT_Today/Info.plist;
				IPHONEOS_DEPLOYMENT_TARGET = 13.0;
				LD_RUNPATH_SEARCH_PATHS = (
					"$(inherited)",
					"@executable_path/Frameworks",
					"@executable_path/../../Frameworks",
				);
				PRODUCT_BUNDLE_IDENTIFIER = "vnk.FTimeTable.FT-Today";
				PRODUCT_NAME = "$(TARGET_NAME)";
				SKIP_INSTALL = YES;
				SWIFT_VERSION = 5.0;
				TARGETED_DEVICE_FAMILY = "1,2";
			};
			name = Release;
		};
/* End XCBuildConfiguration section */

/* Begin XCConfigurationList section */
		E517CEB12338A02F00A2FD45 /* Build configuration list for PBXProject "FTimeTable" */ = {
			isa = XCConfigurationList;
			buildConfigurations = (
				E517CEDF2338A03000A2FD45 /* Debug */,
				E517CEE02338A03000A2FD45 /* Release */,
			);
			defaultConfigurationIsVisible = 0;
			defaultConfigurationName = Release;
		};
		E517CEE12338A03000A2FD45 /* Build configuration list for PBXNativeTarget "FTimeTable" */ = {
			isa = XCConfigurationList;
			buildConfigurations = (
				E517CEE22338A03000A2FD45 /* Debug */,
				E517CEE32338A03000A2FD45 /* Release */,
			);
			defaultConfigurationIsVisible = 0;
			defaultConfigurationName = Release;
		};
		E517CEE42338A03000A2FD45 /* Build configuration list for PBXNativeTarget "FTimeTableTests" */ = {
			isa = XCConfigurationList;
			buildConfigurations = (
				E517CEE52338A03000A2FD45 /* Debug */,
				E517CEE62338A03000A2FD45 /* Release */,
			);
			defaultConfigurationIsVisible = 0;
			defaultConfigurationName = Release;
		};
		E517CEE72338A03000A2FD45 /* Build configuration list for PBXNativeTarget "FTimeTableUITests" */ = {
			isa = XCConfigurationList;
			buildConfigurations = (
				E517CEE82338A03000A2FD45 /* Debug */,
				E517CEE92338A03000A2FD45 /* Release */,
			);
			defaultConfigurationIsVisible = 0;
			defaultConfigurationName = Release;
		};
		E52A0352233D08DF00583473 /* Build configuration list for PBXNativeTarget "FT_Today" */ = {
			isa = XCConfigurationList;
			buildConfigurations = (
				E52A0353233D08DF00583473 /* Debug */,
				E52A0354233D08DF00583473 /* Release */,
			);
			defaultConfigurationIsVisible = 0;
			defaultConfigurationName = Release;
		};
/* End XCConfigurationList section */

/* Begin XCVersionGroup section */
		E517CEC02338A02F00A2FD45 /* FTimeTable.xcdatamodeld */ = {
			isa = XCVersionGroup;
			children = (
				E517CEC12338A02F00A2FD45 /* FTimeTable.xcdatamodel */,
			);
			currentVersion = E517CEC12338A02F00A2FD45 /* FTimeTable.xcdatamodel */;
			path = FTimeTable.xcdatamodeld;
			sourceTree = "<group>";
			versionGroupType = wrapper.xcdatamodel;
		};
/* End XCVersionGroup section */
	};
	rootObject = E517CEAE2338A02F00A2FD45 /* Project object */;
}
